
Microsoft Visual Studio Solution File, Format Version 12.00
# Visual Studio 2013
VisualStudioVersion = 12.0.31101.0
MinimumVisualStudioVersion = 10.0.40219.1
Project("{FAE04EC0-301F-11D3-BF4B-00C04F79EFBC}") = "HelloWorldCodeTest", "HelloWorldCodeTest\HelloWorldCodeTest.csproj", "{3002DBB3-D4E7-4157-BA1C-522BE3614094}"
EndProject
Project("{FAE04EC0-301F-11D3-BF4B-00C04F79EFBC}") = "API.Output", "Outputter\API.Output.csproj", "{19EE1E9B-C9F0-4925-88F7-BF0177F671FD}"
EndProject
Project("{FAE04EC0-301F-11D3-BF4B-00C04F79EFBC}") = "APIUnitTest", "APIUnitTest\APIUnitTest.csproj", "{1C7E9C84-D86B-4D80-887E-B674BD9BE49F}"
EndProject
Project("{FAE04EC0-301F-11D3-BF4B-00C04F79EFBC}") = "ApiService", "ApiService\ApiService.csproj", "{04450DA2-3CC1-4222-9216-429E9D5225B1}"
EndProject
Global
	GlobalSection(SolutionConfigurationPlatforms) = preSolution
		Debug|Any CPU = Debug|Any CPU
		Release|Any CPU = Release|Any CPU
	EndGlobalSection
	GlobalSection(ProjectConfigurationPlatforms) = postSolution
		{3002DBB3-D4E7-4157-BA1C-522BE3614094}.Debug|Any CPU.ActiveCfg = Debug|Any CPU
		{3002DBB3-D4E7-4157-BA1C-522BE3614094}.Debug|Any CPU.Build.0 = Debug|Any CPU
		{3002DBB3-D4E7-4157-BA1C-522BE3614094}.Release|Any CPU.ActiveCfg = Release|Any CPU
		{3002DBB3-D4E7-4157-BA1C-522BE3614094}.Release|Any CPU.Build.0 = Release|Any CPU
		{19EE1E9B-C9F0-4925-88F7-BF0177F671FD}.Debug|Any CPU.ActiveCfg = Debug|Any CPU
		{19EE1E9B-C9F0-4925-88F7-BF0177F671FD}.Debug|Any CPU.Build.0 = Debug|Any CPU
		{19EE1E9B-C9F0-4925-88F7-BF0177F671FD}.Release|Any CPU.ActiveCfg = Release|Any CPU
		{19EE1E9B-C9F0-4925-88F7-BF0177F671FD}.Release|Any CPU.Build.0 = Release|Any CPU
		{1C7E9C84-D86B-4D80-887E-B674BD9BE49F}.Debug|Any CPU.ActiveCfg = Debug|Any CPU
		{1C7E9C84-D86B-4D80-887E-B674BD9BE49F}.Debug|Any CPU.Build.0 = Debug|Any CPU
		{1C7E9C84-D86B-4D80-887E-B674BD9BE49F}.Release|Any CPU.ActiveCfg = Release|Any CPU
		{1C7E9C84-D86B-4D80-887E-B674BD9BE49F}.Release|Any CPU.Build.0 = Release|Any CPU
		{04450DA2-3CC1-4222-9216-429E9D5225B1}.Debug|Any CPU.ActiveCfg = Debug|Any CPU
		{04450DA2-3CC1-4222-9216-429E9D5225B1}.Debug|Any CPU.Build.0 = Debug|Any CPU
		{04450DA2-3CC1-4222-9216-429E9D5225B1}.Release|Any CPU.ActiveCfg = Release|Any CPU
		{04450DA2-3CC1-4222-9216-429E9D5225B1}.Release|Any CPU.Build.0 = Release|Any CPU
	EndGlobalSection
	GlobalSection(SolutionProperties) = preSolution
		HideSolutionNode = FALSE
	EndGlobalSection
EndGlobal
